
Microsoft Visual Studio Solution File, Format Version 12.00
# Visual Studio Version 17
VisualStudioVersion = 17.5.33516.290
MinimumVisualStudioVersion = 10.0.40219.1
Project("{FAE04EC0-301F-11D3-BF4B-00C04F79EFBC}") = "TableService", "TableService\TableService.csproj", "{45DACB17-CF45-4392-A710-8D635086A89B}"
EndProject
Global
	GlobalSection(SolutionConfigurationPlatforms) = preSolution
		Debug|Any CPU = Debug|Any CPU
		Release|Any CPU = Release|Any CPU
	EndGlobalSection
	GlobalSection(ProjectConfigurationPlatforms) = postSolution
		{45DACB17-CF45-4392-A710-8D635086A89B}.Debug|Any CPU.ActiveCfg = Debug|Any CPU
		{45DACB17-CF45-4392-A710-8D635086A89B}.Debug|Any CPU.Build.0 = Debug|Any CPU
		{45DACB17-CF45-4392-A710-8D635086A89B}.Release|Any CPU.ActiveCfg = Release|Any CPU
		{45DACB17-CF45-4392-A710-8D635086A89B}.Release|Any CPU.Build.0 = Release|Any CPU
	EndGlobalSection
	GlobalSection(SolutionProperties) = preSolution
		HideSolutionNode = FALSE
	EndGlobalSection
	GlobalSection(ExtensibilityGlobals) = postSolution
		SolutionGuid = {CE2F823E-59F7-4BCE-99E5-75827AD2AE6C}
	EndGlobalSection
EndGlobal
